<?xml version="1.0" encoding="utf-8"?>
<Project ToolsVersion="4.0" xmlns="http://schemas.microsoft.com/developer/msbuild/2003">
  <ItemGroup>
    <Filter Include="Исходные файлы">
      <UniqueIdentifier>{4FC737F1-C7A5-4376-A066-2A32D752A2FF}</UniqueIdentifier>
      <Extensions>cpp;c;cc;cxx;c++;cppm;ixx;def;odl;idl;hpj;bat;asm;asmx</Extensions>
    </Filter>
    <Filter Include="Файлы заголовков">
      <UniqueIdentifier>{93995380-89BD-4b04-88EB-625FBE52EBFB}</UniqueIdentifier>
      <Extensions>h;hh;hpp;hxx;h++;hm;inl;inc;ipp;xsd</Extensions>
    </Filter>
    <Filter Include="Файлы ресурсов">
      <UniqueIdentifier>{67DA6AB6-F800-4c08-8B7A-83BB121AAD01}</UniqueIdentifier>
      <Extensions>rc;ico;cur;bmp;dlg;rc2;rct;bin;rgs;gif;jpg;jpeg;jpe;resx;tiff;tif;png;wav;mfcribbon-ms</Extensions>
    </Filter>
    <Filter Include="Исходные файлы\ui">
      <UniqueIdentifier>{785b9508-ce31-4b5d-bacb-75ca482dfd94}</UniqueIdentifier>
    </Filter>
    <Filter Include="Исходные файлы\common">
      <UniqueIdentifier>{534bc519-ece4-4855-916c-0bd2bb529dbc}</UniqueIdentifier>
    </Filter>
  </ItemGroup>
  <ItemGroup>
    <ClCompile Include="main.cpp">
      <Filter>Исходные файлы</Filter>
    </ClCompile>
  </ItemGroup>
  <ItemGroup>
    <ClInclude Include="config.hpp">
      <Filter>Исходные файлы</Filter>
    </ClInclude>
    <ClInclude Include="window.hpp">
      <Filter>Исходные файлы</Filter>
    </ClInclude>
    <ClInclude Include="abstractGameObject.hpp">
      <Filter>Исходные файлы\ui</Filter>
    </ClInclude>
    <ClInclude Include="player.hpp">
      <Filter>Исходные файлы\ui</Filter>
    </ClInclude>
    <ClInclude Include="bricks.hpp">
      <Filter>Исходные файлы\ui</Filter>
    </ClInclude>
    <ClInclude Include="coin.hpp">
      <Filter>Исходные файлы\ui</Filter>
    </ClInclude>
    <ClInclude Include="ladder.hpp">
      <Filter>Исходные файлы\ui</Filter>
    </ClInclude>
    <ClInclude Include="map.hpp">
      <Filter>Исходные файлы</Filter>
    </ClInclude>
    <ClInclude Include="levelManager.hpp">
      <Filter>Исходные файлы</Filter>
    </ClInclude>
    <ClInclude Include="direction.hpp">
      <Filter>Исходные файлы\common</Filter>
    </ClInclude>
    <ClInclude Include="abstractInteractingWithPlayerGameObject.hpp">
      <Filter>Исходные файлы\ui</Filter>
    </ClInclude>
    <ClInclude Include="camera.hpp">
      <Filter>Исходные файлы</Filter>
    </ClInclude>
    <ClInclude Include="dirt.hpp">
      <Filter>Исходные файлы\ui</Filter>
    </ClInclude>
    <ClInclude Include="mapBackground.hpp">
      <Filter>Исходные файлы</Filter>
    </ClInclude>
    <ClInclude Include="cloudManager.hpp">
      <Filter>Исходные файлы</Filter>
    </ClInclude>
    <ClInclude Include="spike.hpp">
      <Filter>Исходные файлы\ui</Filter>
    </ClInclude>
    <ClInclude Include="heart.hpp">
      <Filter>Исходные файлы\ui</Filter>
    </ClInclude>
    <ClInclude Include="water.hpp">
      <Filter>Исходные файлы\ui</Filter>
    </ClInclude>
    <ClInclude Include="tree.hpp">
      <Filter>Исходные файлы\ui</Filter>
    </ClInclude>
    <ClInclude Include="zIndex.hpp">
      <Filter>Исходные файлы\common</Filter>
    </ClInclude>
    <ClInclude Include="counters.hpp">
      <Filter>Исходные файлы\common</Filter>
    </ClInclude>
    <ClInclude Include="images.hpp">
      <Filter>Исходные файлы\common</Filter>
    </ClInclude>
    <ClInclude Include="abstractBlock.hpp">
      <Filter>Исходные файлы\ui</Filter>
    </ClInclude>
    <ClInclude Include="abstractBackground.hpp">
      <Filter>Исходные файлы\ui</Filter>
    </ClInclude>
    <ClInclude Include="web.hpp">
      <Filter>Исходные файлы\ui</Filter>
    </ClInclude>
    <ClInclude Include="abstractXPatrolEnemy.hpp">
      <Filter>Исходные файлы\ui</Filter>
    </ClInclude>
    <ClInclude Include="shield.hpp">
      <Filter>Исходные файлы\ui</Filter>
    </ClInclude>
    <ClInclude Include="slug.hpp">
      <Filter>Исходные файлы\ui</Filter>
    </ClInclude>
    <ClInclude Include="bat.hpp">
      <Filter>Исходные файлы\ui</Filter>
    </ClInclude>
    <ClInclude Include="skeleton.hpp">
      <Filter>Исходные файлы\ui</Filter>
    </ClInclude>
    <ClInclude Include="spider.hpp">
      <Filter>Исходные файлы\ui</Filter>
    </ClInclude>
    <ClInclude Include="abstractEnemy.hpp">
      <Filter>Исходные файлы\ui</Filter>
    </ClInclude>
    <ClInclude Include="spriteWrapper.hpp">
      <Filter>Исходные файлы\common</Filter>
    </ClInclude>
  </ItemGroup>
</Project>